
Microsoft Visual Studio Solution File, Format Version 12.00
# Visual Studio Version 16
VisualStudioVersion = 16.0.29326.143
MinimumVisualStudioVersion = 10.0.40219.1
Project("{FAE04EC0-301F-11D3-BF4B-00C04F79EFBC}") = "EsVector", "EsVector\EsVector.csproj", "{5A7816EF-832C-48EC-85C0-7BFD5B55927B}"
EndProject
Global
	GlobalSection(SolutionConfigurationPlatforms) = preSolution
		Debug|Any CPU = Debug|Any CPU
		Release|Any CPU = Release|Any CPU
	EndGlobalSection
	GlobalSection(ProjectConfigurationPlatforms) = postSolution
		{5A7816EF-832C-48EC-85C0-7BFD5B55927B}.Debug|Any CPU.ActiveCfg = Debug|Any CPU
		{5A7816EF-832C-48EC-85C0-7BFD5B55927B}.Debug|Any CPU.Build.0 = Debug|Any CPU
		{5A7816EF-832C-48EC-85C0-7BFD5B55927B}.Release|Any CPU.ActiveCfg = Release|Any CPU
		{5A7816EF-832C-48EC-85C0-7BFD5B55927B}.Release|Any CPU.Build.0 = Release|Any CPU
	EndGlobalSection
	GlobalSection(SolutionProperties) = preSolution
		HideSolutionNode = FALSE
	EndGlobalSection
	GlobalSection(ExtensibilityGlobals) = postSolution
		SolutionGuid = {4DA2EA8C-2AF6-4A08-B24A-F1DFACBACC57}
	EndGlobalSection
EndGlobal
